#MicroXplorer Configuration settings - do not modify
File.Version=6
KeepUserPlacement=false
Mcu.Family=STM32F3
Mcu.IP0=I2C1
Mcu.IP1=I2C2
Mcu.IP10=USART1
Mcu.IP2=NVIC
Mcu.IP3=RCC
Mcu.IP4=SPI1
Mcu.IP5=SYS
Mcu.IP6=TIM2
Mcu.IP7=TIM3
Mcu.IP8=TIM4
Mcu.IP9=TIM15
Mcu.IPNb=11
Mcu.Name=STM32F303V(B-C)Tx
Mcu.Package=LQFP100
Mcu.Pin0=PE2
Mcu.Pin1=PE3
Mcu.Pin10=PA6
Mcu.Pin11=PA7
Mcu.Pin12=PC4
Mcu.Pin13=PC5
Mcu.Pin14=PE8
Mcu.Pin15=PE9
Mcu.Pin16=PE10
Mcu.Pin17=PE11
Mcu.Pin18=PE12
Mcu.Pin19=PE13
Mcu.Pin2=PE4
Mcu.Pin20=PE14
Mcu.Pin21=PE15
Mcu.Pin22=PD12
Mcu.Pin23=PD13
Mcu.Pin24=PD14
Mcu.Pin25=PD15
Mcu.Pin26=PC6
Mcu.Pin27=PC7
Mcu.Pin28=PC8
Mcu.Pin29=PC9
Mcu.Pin3=PE5
Mcu.Pin30=PA9
Mcu.Pin31=PA10
Mcu.Pin32=PA13
Mcu.Pin33=PA14
Mcu.Pin34=PC10
Mcu.Pin35=PD3
Mcu.Pin36=PD4
Mcu.Pin37=PB3
Mcu.Pin38=PB6
Mcu.Pin39=PB7
Mcu.Pin4=PC14-OSC32_IN
Mcu.Pin40=PE0
Mcu.Pin41=PE1
Mcu.Pin42=VP_SYS_VS_Systick
Mcu.Pin5=PC15-OSC32_OUT
Mcu.Pin6=PA0
Mcu.Pin7=PA2
Mcu.Pin8=PA3
Mcu.Pin9=PA5
Mcu.PinsNb=43
Mcu.ThirdPartyNb=0
Mcu.UserConstants=
Mcu.UserName=STM32F303VCTx
MxCube.Version=5.0.0
MxDb.Version=DB.5.0.0
NVIC.BusFault_IRQn=true\:0\:0\:false\:false\:true\:false
NVIC.DebugMonitor_IRQn=true\:0\:0\:false\:false\:true\:false
NVIC.HardFault_IRQn=true\:0\:0\:false\:false\:true\:false
NVIC.MemoryManagement_IRQn=true\:0\:0\:false\:false\:true\:false
NVIC.NonMaskableInt_IRQn=true\:0\:0\:false\:false\:true\:false
NVIC.PendSV_IRQn=true\:0\:0\:false\:false\:true\:false
NVIC.PriorityGroup=NVIC_PRIORITYGROUP_4
NVIC.SVCall_IRQn=true\:0\:0\:false\:false\:true\:false
NVIC.SysTick_IRQn=true\:0\:0\:false\:false\:true\:false
NVIC.UsageFault_IRQn=true\:0\:0\:false\:false\:true\:false
PA0.GPIOParameters=GPIO_Label
PA0.GPIO_Label=B1
PA0.Locked=true
PA0.Signal=GPIO_Input
PA10.Locked=true
PA10.Mode=I2C
PA10.Signal=I2C2_SDA
PA13.Locked=true
PA13.Signal=SYS_JTMS-SWDIO
PA14.Locked=true
PA14.Signal=SYS_JTCK-SWCLK
PA2.GPIOParameters=GPIO_Label
PA2.GPIO_Label=MA_ENCA
PA2.Locked=true
PA2.Signal=S_TIM15_CH1
PA3.GPIOParameters=GPIO_Label
PA3.GPIO_Label=MB_ENCA
PA3.Locked=true
PA3.Signal=S_TIM15_CH2
PA5.Mode=Full_Duplex_Master
PA5.Signal=SPI1_SCK
PA6.Mode=Full_Duplex_Master
PA6.Signal=SPI1_MISO
PA7.Mode=Full_Duplex_Master
PA7.Signal=SPI1_MOSI
PA9.Locked=true
PA9.Mode=I2C
PA9.Signal=I2C2_SCL
PB3.Locked=true
PB3.Signal=SYS_JTDO-TRACESWO
PB6.Locked=true
PB6.Mode=I2C
PB6.Signal=I2C1_SCL
PB7.Locked=true
PB7.Mode=I2C
PB7.Signal=I2C1_SDA
PC10.GPIOParameters=GPIO_Label
PC10.GPIO_Label=nsleep
PC10.Locked=true
PC10.Signal=GPIO_Output
PC14-OSC32_IN.Locked=true
PC14-OSC32_IN.Mode=LSE-External-Oscillator
PC14-OSC32_IN.Signal=RCC_OSC32_IN
PC15-OSC32_OUT.Locked=true
PC15-OSC32_OUT.Mode=LSE-External-Oscillator
PC15-OSC32_OUT.Signal=RCC_OSC32_OUT
PC4.Mode=Asynchronous
PC4.Signal=USART1_TX
PC5.Mode=Asynchronous
PC5.Signal=USART1_RX
PC6.GPIOParameters=GPIO_Speed
PC6.GPIO_Speed=GPIO_SPEED_FREQ_LOW
PC6.Locked=true
PC6.Signal=S_TIM3_CH1
PC7.GPIOParameters=GPIO_Speed
PC7.GPIO_Speed=GPIO_SPEED_FREQ_LOW
PC7.Locked=true
PC7.Signal=S_TIM3_CH2
PC8.GPIOParameters=GPIO_Speed
PC8.GPIO_Speed=GPIO_SPEED_FREQ_LOW
PC8.Locked=true
PC8.Signal=S_TIM3_CH3
PC9.GPIOParameters=GPIO_Speed
PC9.GPIO_Speed=GPIO_SPEED_FREQ_LOW
PC9.Locked=true
PC9.Signal=S_TIM3_CH4
PCC.Checker=false
PCC.Line=STM32F303
PCC.MCU=STM32F303V(B-C)Tx
PCC.PartNumber=STM32F303VCTx
PCC.Seq0=0
PCC.Series=STM32F3
PCC.Temperature=25
PCC.Vdd=3.6
PD12.GPIOParameters=GPIO_Label
PD12.GPIO_Label=MA_ENCA
PD12.Signal=S_TIM4_CH1
PD13.GPIOParameters=GPIO_Label
PD13.GPIO_Label=MA_ENCB
PD13.Signal=S_TIM4_CH2
PD14.GPIOParameters=GPIO_Label
PD14.GPIO_Label=MB_ENCA
PD14.Locked=true
PD14.Signal=S_TIM4_CH3
PD15.GPIOParameters=GPIO_Label
PD15.GPIO_Label=MB_ENCB
PD15.Locked=true
PD15.Signal=S_TIM4_CH4
PD3.GPIOParameters=GPIO_Label
PD3.GPIO_Label=MB_ENCA
PD3.Locked=true
PD3.Signal=S_TIM2_CH1_ETR
PD4.GPIOParameters=GPIO_Label
PD4.GPIO_Label=MB_ENCB
PD4.Locked=true
PD4.Signal=S_TIM2_CH2
PE0.GPIOParameters=GPIO_Label
PE0.GPIO_Label=L3GD20_INT1
PE0.Locked=true
PE0.Signal=GPXTI0
PE1.GPIOParameters=GPIO_Label
PE1.GPIO_Label=L3GD20_DRDY
PE1.Locked=true
PE1.Signal=GPXTI1
PE10.GPIOParameters=GPIO_Label
PE10.GPIO_Label=LD5
PE10.Locked=true
PE10.Signal=GPIO_Output
PE11.GPIOParameters=GPIO_Label
PE11.GPIO_Label=LD7
PE11.Locked=true
PE11.Signal=GPIO_Output
PE12.GPIOParameters=GPIO_Label
PE12.GPIO_Label=LD9
PE12.Locked=true
PE12.Signal=GPIO_Output
PE13.GPIOParameters=GPIO_Label
PE13.GPIO_Label=LD10
PE13.Locked=true
PE13.Signal=GPIO_Output
PE14.GPIOParameters=GPIO_Label
PE14.GPIO_Label=LD8
PE14.Locked=true
PE14.Signal=GPIO_Output
PE15.GPIOParameters=GPIO_Label
PE15.GPIO_Label=LD6
PE15.Locked=true
PE15.Signal=GPIO_Output
PE2.GPIOParameters=GPIO_Label
PE2.GPIO_Label=LSM303DLHC_DRDY
PE2.Locked=true
PE2.Signal=GPIO_Input
PE3.GPIOParameters=GPIO_Label
PE3.GPIO_Label=L3GD20_CS_I2C
PE3.Locked=true
PE3.Signal=GPIO_Output
PE4.GPIOParameters=GPIO_Label
PE4.GPIO_Label=LSM303DLHC_INT1
PE4.Locked=true
PE4.Signal=GPXTI4
PE5.GPIOParameters=GPIO_Label
PE5.GPIO_Label=LSM303DLHC_INT2
PE5.Locked=true
PE5.Signal=GPXTI5
PE8.GPIOParameters=GPIO_Label
PE8.GPIO_Label=LD4
PE8.Locked=true
PE8.Signal=GPIO_Output
PE9.GPIOParameters=GPIO_Label
PE9.GPIO_Label=LD3
PE9.Locked=true
PE9.Signal=GPIO_Output
PinOutPanel.RotationAngle=0
ProjectManager.AskForMigrate=true
ProjectManager.BackupPrevious=false
ProjectManager.CompilerOptimize=6
ProjectManager.ComputerToolchain=false
ProjectManager.CoupleFile=false
ProjectManager.CustomerFirmwarePackage=
ProjectManager.DefaultFWLocation=true
ProjectManager.DeletePrevious=true
ProjectManager.DeviceId=STM32F303VCTx
ProjectManager.FirmwarePackage=STM32Cube FW_F3 V1.10.0
ProjectManager.FreePins=false
ProjectManager.HalAssertFull=false
ProjectManager.HeapSize=0x200
ProjectManager.KeepUserCode=true
ProjectManager.LastFirmware=true
ProjectManager.LibraryCopy=0
ProjectManager.MainLocation=Src
ProjectManager.NoMain=false
ProjectManager.PreviousToolchain=
ProjectManager.ProjectBuild=false
ProjectManager.ProjectFileName=f3_rover.ioc
ProjectManager.ProjectName=f3_rover
ProjectManager.StackSize=0x400
ProjectManager.TargetToolchain=Makefile
ProjectManager.ToolChainLocation=
ProjectManager.UnderRoot=false
ProjectManager.functionlistsort=1-MX_GPIO_Init-GPIO-false-HAL-true,2-SystemClock_Config-RCC-false-HAL-false,3-MX_I2C1_Init-I2C1-false-HAL-true,4-MX_I2C2_Init-I2C2-false-HAL-true,5-MX_SPI1_Init-SPI1-false-HAL-true,6-MX_TIM3_Init-TIM3-false-HAL-true,7-MX_TIM4_Init-TIM4-false-HAL-true,8-MX_USART1_UART_Init-USART1-false-HAL-true,9-MX_TIM2_Init-TIM2-false-HAL-true,10-MX_TIM15_Init-TIM15-false-HAL-true
RCC.ADC12outputFreq_Value=16000000
RCC.ADC34outputFreq_Value=16000000
RCC.AHBFreq_Value=8000000
RCC.APB1Freq_Value=8000000
RCC.APB2Freq_Value=8000000
RCC.CortexFreq_Value=8000000
RCC.FamilyName=M
RCC.HSEPLLFreq_Value=8000000
RCC.HSE_VALUE=8000000
RCC.HSIPLLFreq_Value=4000000
RCC.HSI_VALUE=8000000
RCC.I2C1Freq_Value=8000000
RCC.I2C2Freq_Value=8000000
RCC.IPParameters=ADC12outputFreq_Value,ADC34outputFreq_Value,AHBFreq_Value,APB1Freq_Value,APB2Freq_Value,CortexFreq_Value,FamilyName,HSEPLLFreq_Value,HSE_VALUE,HSIPLLFreq_Value,HSI_VALUE,I2C1Freq_Value,I2C2Freq_Value,LSI_VALUE,PLLCLKFreq_Value,PLLMCOFreq_Value,PLLMUL,RTCFreq_Value,RTCHSEDivFreq_Value,SYSCLKFreq_VALUE,TIM2Freq_Value,UART4Freq_Value,UART5Freq_Value,USART1Freq_Value,USART2Freq_Value,USART3Freq_Value,USBFreq_Value,VCOOutput2Freq_Value
RCC.LSI_VALUE=40000
RCC.PLLCLKFreq_Value=16000000
RCC.PLLMCOFreq_Value=8000000
RCC.PLLMUL=RCC_PLL_MUL4
RCC.RTCFreq_Value=40000
RCC.RTCHSEDivFreq_Value=250000
RCC.SYSCLKFreq_VALUE=8000000
RCC.TIM2Freq_Value=8000000
RCC.UART4Freq_Value=8000000
RCC.UART5Freq_Value=8000000
RCC.USART1Freq_Value=8000000
RCC.USART2Freq_Value=8000000
RCC.USART3Freq_Value=8000000
RCC.USBFreq_Value=16000000
RCC.VCOOutput2Freq_Value=4000000
SH.GPXTI0.0=GPIO_EXTI0
SH.GPXTI0.ConfNb=1
SH.GPXTI1.0=GPIO_EXTI1
SH.GPXTI1.ConfNb=1
SH.GPXTI4.0=GPIO_EXTI4
SH.GPXTI4.ConfNb=1
SH.GPXTI5.0=GPIO_EXTI5
SH.GPXTI5.ConfNb=1
SH.S_TIM15_CH1.0=TIM15_CH1,Input_Capture1_from_TI1
SH.S_TIM15_CH1.ConfNb=1
SH.S_TIM15_CH2.0=TIM15_CH2,Input_Capture2_from_TI2
SH.S_TIM15_CH2.ConfNb=1
SH.S_TIM2_CH1_ETR.0=TIM2_CH1,Encoder_Interface
SH.S_TIM2_CH1_ETR.ConfNb=1
SH.S_TIM2_CH2.0=TIM2_CH2,Encoder_Interface
SH.S_TIM2_CH2.ConfNb=1
SH.S_TIM3_CH1.0=TIM3_CH1,PWM Generation1 CH1
SH.S_TIM3_CH1.ConfNb=1
SH.S_TIM3_CH2.0=TIM3_CH2,PWM Generation2 CH2
SH.S_TIM3_CH2.ConfNb=1
SH.S_TIM3_CH3.0=TIM3_CH3,PWM Generation3 CH3
SH.S_TIM3_CH3.ConfNb=1
SH.S_TIM3_CH4.0=TIM3_CH4,PWM Generation4 CH4
SH.S_TIM3_CH4.ConfNb=1
SH.S_TIM4_CH1.0=TIM4_CH1,Encoder_Interface
SH.S_TIM4_CH1.ConfNb=1
SH.S_TIM4_CH2.0=TIM4_CH2,Encoder_Interface
SH.S_TIM4_CH2.ConfNb=1
SH.S_TIM4_CH3.0=TIM4_CH3
SH.S_TIM4_CH3.ConfNb=1
SH.S_TIM4_CH4.0=TIM4_CH4
SH.S_TIM4_CH4.ConfNb=1
SPI1.CalculateBaudRate=4.0 MBits/s
SPI1.Direction=SPI_DIRECTION_2LINES
SPI1.IPParameters=VirtualType,Mode,Direction,CalculateBaudRate
SPI1.Mode=SPI_MODE_MASTER
SPI1.VirtualType=VM_MASTER
TIM15.Channel-Input_Capture1_from_TI1=TIM_CHANNEL_1
TIM15.Channel-Input_Capture2_from_TI2=TIM_CHANNEL_2
TIM15.IPParameters=Channel-Input_Capture1_from_TI1,Channel-Input_Capture2_from_TI2,Period
TIM15.Period=0xFFFF
TIM2.IPParameters=Period
TIM2.Period=0xFFFF
TIM3.Channel-PWM\ Generation1\ CH1=TIM_CHANNEL_1
TIM3.Channel-PWM\ Generation2\ CH2=TIM_CHANNEL_2
TIM3.Channel-PWM\ Generation3\ CH3=TIM_CHANNEL_3
TIM3.Channel-PWM\ Generation4\ CH4=TIM_CHANNEL_4
TIM3.IPParameters=Channel-PWM Generation1 CH1,Channel-PWM Generation2 CH2,Channel-PWM Generation3 CH3,Channel-PWM Generation4 CH4,Period,Pulse-PWM Generation1 CH1,Pulse-PWM Generation3 CH3,Pulse-PWM Generation2 CH2
TIM3.Period=8000
TIM3.Pulse-PWM\ Generation1\ CH1=0
TIM3.Pulse-PWM\ Generation2\ CH2=4000
TIM3.Pulse-PWM\ Generation3\ CH3=4000
TIM4.IPParameters=Period
TIM4.Period=0xFFFF
USART1.IPParameters=VirtualMode-Asynchronous
USART1.VirtualMode-Asynchronous=VM_ASYNC
VP_SYS_VS_Systick.Mode=SysTick
VP_SYS_VS_Systick.Signal=SYS_VS_Systick
board=custom
